
Microsoft Visual Studio Solution File, Format Version 12.00
# Visual Studio 15
VisualStudioVersion = 15.0.26124.0
MinimumVisualStudioVersion = 15.0.26124.0
Project("{FAE04EC0-301F-11D3-BF4B-00C04F79EFBC}") = "YHSBJ.ZJGL", "src\YHSBJ.ZJGL\YHSBJ.ZJGL.csproj", "{8D97A77C-B603-439C-AEC3-8FB23407B426}"
EndProject
Project("{2150E333-8FDC-42A3-9474-1A3956D46DE8}") = "src", "src", "{3BABAF71-12FB-450F-9B1C-3EAA23FB9018}"
EndProject
Project("{FAE04EC0-301F-11D3-BF4B-00C04F79EFBC}") = "YHSBJ.SBGLPT", "src\YHSBJ.SBGLPT\YHSBJ.SBGLPT.csproj", "{B5F8ACCA-49BD-4DFB-8336-8B06EAB7AD88}"
EndProject
Global
	GlobalSection(SolutionConfigurationPlatforms) = preSolution
		Debug|Any CPU = Debug|Any CPU
		Debug|x64 = Debug|x64
		Debug|x86 = Debug|x86
		Release|Any CPU = Release|Any CPU
		Release|x64 = Release|x64
		Release|x86 = Release|x86
	EndGlobalSection
	GlobalSection(SolutionProperties) = preSolution
		HideSolutionNode = FALSE
	EndGlobalSection
	GlobalSection(ProjectConfigurationPlatforms) = postSolution
		{8D97A77C-B603-439C-AEC3-8FB23407B426}.Debug|Any CPU.ActiveCfg = Debug|Any CPU
		{8D97A77C-B603-439C-AEC3-8FB23407B426}.Debug|Any CPU.Build.0 = Debug|Any CPU
		{8D97A77C-B603-439C-AEC3-8FB23407B426}.Debug|x64.ActiveCfg = Debug|Any CPU
		{8D97A77C-B603-439C-AEC3-8FB23407B426}.Debug|x64.Build.0 = Debug|Any CPU
		{8D97A77C-B603-439C-AEC3-8FB23407B426}.Debug|x86.ActiveCfg = Debug|Any CPU
		{8D97A77C-B603-439C-AEC3-8FB23407B426}.Debug|x86.Build.0 = Debug|Any CPU
		{8D97A77C-B603-439C-AEC3-8FB23407B426}.Release|Any CPU.ActiveCfg = Release|Any CPU
		{8D97A77C-B603-439C-AEC3-8FB23407B426}.Release|Any CPU.Build.0 = Release|Any CPU
		{8D97A77C-B603-439C-AEC3-8FB23407B426}.Release|x64.ActiveCfg = Release|Any CPU
		{8D97A77C-B603-439C-AEC3-8FB23407B426}.Release|x64.Build.0 = Release|Any CPU
		{8D97A77C-B603-439C-AEC3-8FB23407B426}.Release|x86.ActiveCfg = Release|Any CPU
		{8D97A77C-B603-439C-AEC3-8FB23407B426}.Release|x86.Build.0 = Release|Any CPU
		{B5F8ACCA-49BD-4DFB-8336-8B06EAB7AD88}.Debug|Any CPU.ActiveCfg = Debug|Any CPU
		{B5F8ACCA-49BD-4DFB-8336-8B06EAB7AD88}.Debug|Any CPU.Build.0 = Debug|Any CPU
		{B5F8ACCA-49BD-4DFB-8336-8B06EAB7AD88}.Debug|x64.ActiveCfg = Debug|Any CPU
		{B5F8ACCA-49BD-4DFB-8336-8B06EAB7AD88}.Debug|x64.Build.0 = Debug|Any CPU
		{B5F8ACCA-49BD-4DFB-8336-8B06EAB7AD88}.Debug|x86.ActiveCfg = Debug|Any CPU
		{B5F8ACCA-49BD-4DFB-8336-8B06EAB7AD88}.Debug|x86.Build.0 = Debug|Any CPU
		{B5F8ACCA-49BD-4DFB-8336-8B06EAB7AD88}.Release|Any CPU.ActiveCfg = Release|Any CPU
		{B5F8ACCA-49BD-4DFB-8336-8B06EAB7AD88}.Release|Any CPU.Build.0 = Release|Any CPU
		{B5F8ACCA-49BD-4DFB-8336-8B06EAB7AD88}.Release|x64.ActiveCfg = Release|Any CPU
		{B5F8ACCA-49BD-4DFB-8336-8B06EAB7AD88}.Release|x64.Build.0 = Release|Any CPU
		{B5F8ACCA-49BD-4DFB-8336-8B06EAB7AD88}.Release|x86.ActiveCfg = Release|Any CPU
		{B5F8ACCA-49BD-4DFB-8336-8B06EAB7AD88}.Release|x86.Build.0 = Release|Any CPU
	EndGlobalSection
	GlobalSection(NestedProjects) = preSolution
		{B5F8ACCA-49BD-4DFB-8336-8B06EAB7AD88} = {3BABAF71-12FB-450F-9B1C-3EAA23FB9018}
	EndGlobalSection
EndGlobal
